Microsoft Visual Studio Solution File, Format Version 12.00
# Visual Studio Version 17
VisualStudioVersion = 17.5.2.0
MinimumVisualStudioVersion = 10.0.40219.1
Project("{FAE04EC0-301F-11D3-BF4B-00C04F79EFBC}") = "TimesheetApi.Tests", "TimesheetApi.Tests\TimesheetApi.Tests.csproj", "{BC0FCE65-173A-01E6-0E6D-9F3AB0706745}"
EndProject
Project("{2150E333-8FDC-42A3-9474-1A3956D46DE8}") = "backend", "backend", "{1AE8ACA6-933B-BF2A-3671-3E2EAC007D16}"
EndProject
Project("{FAE04EC0-301F-11D3-BF4B-00C04F79EFBC}") = "TimesheetApi", "backend\TimesheetApi.csproj", "{A72F93D2-9F79-9D62-A287-3F365224BE35}"
EndProject
Global
	GlobalSection(SolutionConfigurationPlatforms) = preSolution
		Debug|Any CPU = Debug|Any CPU
		Release|Any CPU = Release|Any CPU
	EndGlobalSection
	GlobalSection(ProjectConfigurationPlatforms) = postSolution
		{BC0FCE65-173A-01E6-0E6D-9F3AB0706745}.Debug|Any CPU.ActiveCfg = Debug|Any CPU
		{BC0FCE65-173A-01E6-0E6D-9F3AB0706745}.Debug|Any CPU.Build.0 = Debug|Any CPU
		{BC0FCE65-173A-01E6-0E6D-9F3AB0706745}.Release|Any CPU.ActiveCfg = Release|Any CPU
		{BC0FCE65-173A-01E6-0E6D-9F3AB0706745}.Release|Any CPU.Build.0 = Release|Any CPU
		{A72F93D2-9F79-9D62-A287-3F365224BE35}.Debug|Any CPU.ActiveCfg = Debug|Any CPU
		{A72F93D2-9F79-9D62-A287-3F365224BE35}.Debug|Any CPU.Build.0 = Debug|Any CPU
		{A72F93D2-9F79-9D62-A287-3F365224BE35}.Release|Any CPU.ActiveCfg = Release|Any CPU
		{A72F93D2-9F79-9D62-A287-3F365224BE35}.Release|Any CPU.Build.0 = Release|Any CPU
	EndGlobalSection
	GlobalSection(SolutionProperties) = preSolution
		HideSolutionNode = FALSE
	EndGlobalSection
	GlobalSection(NestedProjects) = preSolution
		{A72F93D2-9F79-9D62-A287-3F365224BE35} = {1AE8ACA6-933B-BF2A-3671-3E2EAC007D16}
	EndGlobalSection
	GlobalSection(ExtensibilityGlobals) = postSolution
		SolutionGuid = {52A293C7-DD59-47EA-823C-E3D710BDAA50}
	EndGlobalSection
EndGlobal
